
Microsoft Visual Studio Solution File, Format Version 12.00
# Visual Studio Version 16
VisualStudioVersion = 16.0.31112.23
MinimumVisualStudioVersion = 10.0.40219.1
Project("{FAE04EC0-301F-11D3-BF4B-00C04F79EFBC}") = "SkillTestTexoIt", "SkillTestTexoIt\SkillTestTexoIt.csproj", "{523E4379-7F68-4E60-B0F9-2174B2150987}"
EndProject
Global
	GlobalSection(SolutionConfigurationPlatforms) = preSolution
		Debug|Any CPU = Debug|Any CPU
		Release|Any CPU = Release|Any CPU
	EndGlobalSection
	GlobalSection(ProjectConfigurationPlatforms) = postSolution
		{523E4379-7F68-4E60-B0F9-2174B2150987}.Debug|Any CPU.ActiveCfg = Debug|Any CPU
		{523E4379-7F68-4E60-B0F9-2174B2150987}.Debug|Any CPU.Build.0 = Debug|Any CPU
		{523E4379-7F68-4E60-B0F9-2174B2150987}.Release|Any CPU.ActiveCfg = Release|Any CPU
		{523E4379-7F68-4E60-B0F9-2174B2150987}.Release|Any CPU.Build.0 = Release|Any CPU
	EndGlobalSection
	GlobalSection(SolutionProperties) = preSolution
		HideSolutionNode = FALSE
	EndGlobalSection
	GlobalSection(ExtensibilityGlobals) = postSolution
		SolutionGuid = {CAFC20D5-9FD3-481B-9556-56592D10E61A}
	EndGlobalSection
EndGlobal
